
Microsoft Visual Studio Solution File, Format Version 12.00
Project("{FAE04EC0-301F-11D3-BF4B-00C04F79EFBC}") = "WebApplicationTRY_TWO", "WebApplicationTRY_TWO.csproj", "{30910F0F-E266-4577-BBEF-464A7CF32F47}"
EndProject
Global
	GlobalSection(SolutionConfigurationPlatforms) = preSolution
		Debug|Any CPU = Debug|Any CPU
		Release|Any CPU = Release|Any CPU
	EndGlobalSection
	GlobalSection(ProjectConfigurationPlatforms) = postSolution
		{30910F0F-E266-4577-BBEF-464A7CF32F47}.Debug|Any CPU.ActiveCfg = Debug|Any CPU
		{30910F0F-E266-4577-BBEF-464A7CF32F47}.Debug|Any CPU.Build.0 = Debug|Any CPU
		{30910F0F-E266-4577-BBEF-464A7CF32F47}.Release|Any CPU.ActiveCfg = Release|Any CPU
		{30910F0F-E266-4577-BBEF-464A7CF32F47}.Release|Any CPU.Build.0 = Release|Any CPU
	EndGlobalSection
EndGlobal
